
Microsoft Visual Studio Solution File, Format Version 12.00
# Visual Studio Version 17
VisualStudioVersion = 17.4.33213.308
MinimumVisualStudioVersion = 10.0.40219.1
Project("{FAE04EC0-301F-11D3-BF4B-00C04F79EFBC}") = "Polymorphism Demo", "Polymorphism Demo.csproj", "{24150E3B-DBED-422E-84B3-46DF4F7B5C34}"
EndProject
Global
	GlobalSection(SolutionConfigurationPlatforms) = preSolution
		Debug|Any CPU = Debug|Any CPU
		Release|Any CPU = Release|Any CPU
	EndGlobalSection
	GlobalSection(ProjectConfigurationPlatforms) = postSolution
		{24150E3B-DBED-422E-84B3-46DF4F7B5C34}.Debug|Any CPU.ActiveCfg = Debug|Any CPU
		{24150E3B-DBED-422E-84B3-46DF4F7B5C34}.Debug|Any CPU.Build.0 = Debug|Any CPU
		{24150E3B-DBED-422E-84B3-46DF4F7B5C34}.Release|Any CPU.ActiveCfg = Release|Any CPU
		{24150E3B-DBED-422E-84B3-46DF4F7B5C34}.Release|Any CPU.Build.0 = Release|Any CPU
	EndGlobalSection
	GlobalSection(SolutionProperties) = preSolution
		HideSolutionNode = FALSE
	EndGlobalSection
	GlobalSection(ExtensibilityGlobals) = postSolution
		SolutionGuid = {7E5CCA52-16AD-4D80-B719-0BCC67EB1C13}
	EndGlobalSection
EndGlobal
